
Microsoft Visual Studio Solution File, Format Version 12.00
# Visual Studio Version 17
VisualStudioVersion = 17.11.35303.130
MinimumVisualStudioVersion = 10.0.40219.1
Project("{FAE04EC0-301F-11D3-BF4B-00C04F79EFBC}") = "API", "API\API.csproj", "{16373511-049C-47A8-8555-BC0CB7A133B9}"
EndProject
Project("{2150E333-8FDC-42A3-9474-1A3956D46DE8}") = "Olimp.UserContext", "Olimp.UserContext", "{19A905F8-3E07-464C-87BB-5CFF89DE7405}"
EndProject
Project("{FAE04EC0-301F-11D3-BF4B-00C04F79EFBC}") = "Olimp.UserContext.Domain", "Olimp.UserContext.Domain\Olimp.UserContext.Domain.csproj", "{8E4243CD-9576-41D5-81EB-42E66D22497C}"
EndProject
Project("{FAE04EC0-301F-11D3-BF4B-00C04F79EFBC}") = "Olimp.UserContext.Domain.Tests", "Olimp.UserContext.Domain.Tests\Olimp.UserContext.Domain.Tests.csproj", "{C89F7AFE-F221-44FB-83BB-179F9A8A9265}"
EndProject
Global
	GlobalSection(SolutionConfigurationPlatforms) = preSolution
		Debug|Any CPU = Debug|Any CPU
		Release|Any CPU = Release|Any CPU
	EndGlobalSection
	GlobalSection(ProjectConfigurationPlatforms) = postSolution
		{16373511-049C-47A8-8555-BC0CB7A133B9}.Debug|Any CPU.ActiveCfg = Debug|Any CPU
		{16373511-049C-47A8-8555-BC0CB7A133B9}.Debug|Any CPU.Build.0 = Debug|Any CPU
		{16373511-049C-47A8-8555-BC0CB7A133B9}.Release|Any CPU.ActiveCfg = Release|Any CPU
		{16373511-049C-47A8-8555-BC0CB7A133B9}.Release|Any CPU.Build.0 = Release|Any CPU
		{8E4243CD-9576-41D5-81EB-42E66D22497C}.Debug|Any CPU.ActiveCfg = Debug|Any CPU
		{8E4243CD-9576-41D5-81EB-42E66D22497C}.Debug|Any CPU.Build.0 = Debug|Any CPU
		{8E4243CD-9576-41D5-81EB-42E66D22497C}.Release|Any CPU.ActiveCfg = Release|Any CPU
		{8E4243CD-9576-41D5-81EB-42E66D22497C}.Release|Any CPU.Build.0 = Release|Any CPU
		{C89F7AFE-F221-44FB-83BB-179F9A8A9265}.Debug|Any CPU.ActiveCfg = Debug|Any CPU
		{C89F7AFE-F221-44FB-83BB-179F9A8A9265}.Debug|Any CPU.Build.0 = Debug|Any CPU
		{C89F7AFE-F221-44FB-83BB-179F9A8A9265}.Release|Any CPU.ActiveCfg = Release|Any CPU
		{C89F7AFE-F221-44FB-83BB-179F9A8A9265}.Release|Any CPU.Build.0 = Release|Any CPU
	EndGlobalSection
	GlobalSection(SolutionProperties) = preSolution
		HideSolutionNode = FALSE
	EndGlobalSection
	GlobalSection(NestedProjects) = preSolution
		{8E4243CD-9576-41D5-81EB-42E66D22497C} = {19A905F8-3E07-464C-87BB-5CFF89DE7405}
		{C89F7AFE-F221-44FB-83BB-179F9A8A9265} = {19A905F8-3E07-464C-87BB-5CFF89DE7405}
	EndGlobalSection
	GlobalSection(ExtensibilityGlobals) = postSolution
		SolutionGuid = {4E78FC9A-2A9F-4FDC-8297-E49E80918A0F}
	EndGlobalSection
EndGlobal
